
Microsoft Visual Studio Solution File, Format Version 12.00
# Visual Studio Version 17
VisualStudioVersion = 17.6.33927.249
MinimumVisualStudioVersion = 10.0.40219.1
Project("{FAE04EC0-301F-11D3-BF4B-00C04F79EFBC}") = "WindowsFormsApp1", "WindowsFormsApp1\WindowsFormsApp1.csproj", "{F18277BD-3B8A-4A30-8417-ACF0F7882D43}"
EndProject
Global
	GlobalSection(SolutionConfigurationPlatforms) = preSolution
		Debug|Any CPU = Debug|Any CPU
		Release|Any CPU = Release|Any CPU
	EndGlobalSection
	GlobalSection(ProjectConfigurationPlatforms) = postSolution
		{F18277BD-3B8A-4A30-8417-ACF0F7882D43}.Debug|Any CPU.ActiveCfg = Debug|Any CPU
		{F18277BD-3B8A-4A30-8417-ACF0F7882D43}.Debug|Any CPU.Build.0 = Debug|Any CPU
		{F18277BD-3B8A-4A30-8417-ACF0F7882D43}.Release|Any CPU.ActiveCfg = Release|Any CPU
		{F18277BD-3B8A-4A30-8417-ACF0F7882D43}.Release|Any CPU.Build.0 = Release|Any CPU
	EndGlobalSection
	GlobalSection(SolutionProperties) = preSolution
		HideSolutionNode = FALSE
	EndGlobalSection
	GlobalSection(ExtensibilityGlobals) = postSolution
		SolutionGuid = {C0AE1396-ECDB-4C58-8004-D9A022D515CF}
	EndGlobalSection
EndGlobal
